
Microsoft Visual Studio Solution File, Format Version 12.00
# Visual Studio Version 17
VisualStudioVersion = 17.4.33110.190
MinimumVisualStudioVersion = 10.0.40219.1
Project("{9A19103F-16F7-4668-BE54-9A1E7A4F7556}") = "Day01", "Day01\Day01.csproj", "{2D0E1E1C-3D53-4B37-8680-D37EB8EB2E48}"
EndProject
Project("{9A19103F-16F7-4668-BE54-9A1E7A4F7556}") = "Day02", "Day02\Day02.csproj", "{64F9662B-B085-42AC-93CB-007CA7BF533A}"
EndProject
Project("{9A19103F-16F7-4668-BE54-9A1E7A4F7556}") = "Day03", "Day03\Day03.csproj", "{E7539365-6049-4646-91E0-87D3E78E0BA6}"
EndProject
Project("{9A19103F-16F7-4668-BE54-9A1E7A4F7556}") = "Day04", "Day04\Day04.csproj", "{5CDCBC2C-32ED-48BB-B15B-5D7471EB1460}"
EndProject
Project("{9A19103F-16F7-4668-BE54-9A1E7A4F7556}") = "Day05", "Day05\Day05.csproj", "{E7180B3D-5503-4712-91B9-5CC8BBA23EA5}"
EndProject
Project("{9A19103F-16F7-4668-BE54-9A1E7A4F7556}") = "Day06", "Day06\Day06.csproj", "{98D75B78-F186-409C-811D-5804FB785087}"
EndProject
Project("{9A19103F-16F7-4668-BE54-9A1E7A4F7556}") = "Day07", "Day07\Day07.csproj", "{728F0ACC-B20B-4660-9C13-064C0780E223}"
EndProject
Project("{9A19103F-16F7-4668-BE54-9A1E7A4F7556}") = "Day08", "Day08\Day08.csproj", "{9375F2EB-29E4-4B37-9802-699408C1BCAF}"
EndProject
Project("{9A19103F-16F7-4668-BE54-9A1E7A4F7556}") = "Day09", "Day09\Day09.csproj", "{0C315F1C-633A-43C4-BDC9-1EAD8FFE0F35}"
EndProject
Project("{9A19103F-16F7-4668-BE54-9A1E7A4F7556}") = "Day10", "Day10\Day10.csproj", "{643E5E28-11C7-49E2-BDDA-2C5A29FA6C27}"
EndProject
Project("{9A19103F-16F7-4668-BE54-9A1E7A4F7556}") = "Day11", "Day11\Day11.csproj", "{AE7D986B-1377-4BDC-BB86-7672333F29AF}"
EndProject
Project("{9A19103F-16F7-4668-BE54-9A1E7A4F7556}") = "Day12", "Day12\Day12.csproj", "{725681B2-345A-48EC-91C0-7FB86D913867}"
EndProject
Project("{9A19103F-16F7-4668-BE54-9A1E7A4F7556}") = "Day13", "Day13\Day13.csproj", "{66A0585E-33C7-4E33-83AD-D9BD696CB5D9}"
EndProject
Project("{9A19103F-16F7-4668-BE54-9A1E7A4F7556}") = "Day14", "Day14\Day14.csproj", "{92FC5364-814B-4511-B220-BD527AFD03B5}"
EndProject
Project("{FAE04EC0-301F-11D3-BF4B-00C04F79EFBC}") = "Day15", "Day15\Day15.csproj", "{45B44DE8-25A9-410D-B9C9-F6F349ADBE7C}"
EndProject
Global
	GlobalSection(SolutionConfigurationPlatforms) = preSolution
		Debug|Any CPU = Debug|Any CPU
		Release|Any CPU = Release|Any CPU
	EndGlobalSection
	GlobalSection(ProjectConfigurationPlatforms) = postSolution
		{2D0E1E1C-3D53-4B37-8680-D37EB8EB2E48}.Debug|Any CPU.ActiveCfg = Debug|Any CPU
		{2D0E1E1C-3D53-4B37-8680-D37EB8EB2E48}.Debug|Any CPU.Build.0 = Debug|Any CPU
		{2D0E1E1C-3D53-4B37-8680-D37EB8EB2E48}.Release|Any CPU.ActiveCfg = Release|Any CPU
		{2D0E1E1C-3D53-4B37-8680-D37EB8EB2E48}.Release|Any CPU.Build.0 = Release|Any CPU
		{64F9662B-B085-42AC-93CB-007CA7BF533A}.Debug|Any CPU.ActiveCfg = Debug|Any CPU
		{64F9662B-B085-42AC-93CB-007CA7BF533A}.Debug|Any CPU.Build.0 = Debug|Any CPU
		{64F9662B-B085-42AC-93CB-007CA7BF533A}.Release|Any CPU.ActiveCfg = Release|Any CPU
		{64F9662B-B085-42AC-93CB-007CA7BF533A}.Release|Any CPU.Build.0 = Release|Any CPU
		{E7539365-6049-4646-91E0-87D3E78E0BA6}.Debug|Any CPU.ActiveCfg = Debug|Any CPU
		{E7539365-6049-4646-91E0-87D3E78E0BA6}.Debug|Any CPU.Build.0 = Debug|Any CPU
		{E7539365-6049-4646-91E0-87D3E78E0BA6}.Release|Any CPU.ActiveCfg = Release|Any CPU
		{E7539365-6049-4646-91E0-87D3E78E0BA6}.Release|Any CPU.Build.0 = Release|Any CPU
		{5CDCBC2C-32ED-48BB-B15B-5D7471EB1460}.Debug|Any CPU.ActiveCfg = Debug|Any CPU
		{5CDCBC2C-32ED-48BB-B15B-5D7471EB1460}.Debug|Any CPU.Build.0 = Debug|Any CPU
		{5CDCBC2C-32ED-48BB-B15B-5D7471EB1460}.Release|Any CPU.ActiveCfg = Release|Any CPU
		{5CDCBC2C-32ED-48BB-B15B-5D7471EB1460}.Release|Any CPU.Build.0 = Release|Any CPU
		{E7180B3D-5503-4712-91B9-5CC8BBA23EA5}.Debug|Any CPU.ActiveCfg = Debug|Any CPU
		{E7180B3D-5503-4712-91B9-5CC8BBA23EA5}.Debug|Any CPU.Build.0 = Debug|Any CPU
		{E7180B3D-5503-4712-91B9-5CC8BBA23EA5}.Release|Any CPU.ActiveCfg = Release|Any CPU
		{E7180B3D-5503-4712-91B9-5CC8BBA23EA5}.Release|Any CPU.Build.0 = Release|Any CPU
		{98D75B78-F186-409C-811D-5804FB785087}.Debug|Any CPU.ActiveCfg = Debug|Any CPU
		{98D75B78-F186-409C-811D-5804FB785087}.Debug|Any CPU.Build.0 = Debug|Any CPU
		{98D75B78-F186-409C-811D-5804FB785087}.Release|Any CPU.ActiveCfg = Release|Any CPU
		{98D75B78-F186-409C-811D-5804FB785087}.Release|Any CPU.Build.0 = Release|Any CPU
		{728F0ACC-B20B-4660-9C13-064C0780E223}.Debug|Any CPU.ActiveCfg = Debug|Any CPU
		{728F0ACC-B20B-4660-9C13-064C0780E223}.Debug|Any CPU.Build.0 = Debug|Any CPU
		{728F0ACC-B20B-4660-9C13-064C0780E223}.Release|Any CPU.ActiveCfg = Release|Any CPU
		{728F0ACC-B20B-4660-9C13-064C0780E223}.Release|Any CPU.Build.0 = Release|Any CPU
		{9375F2EB-29E4-4B37-9802-699408C1BCAF}.Debug|Any CPU.ActiveCfg = Debug|Any CPU
		{9375F2EB-29E4-4B37-9802-699408C1BCAF}.Debug|Any CPU.Build.0 = Debug|Any CPU
		{9375F2EB-29E4-4B37-9802-699408C1BCAF}.Release|Any CPU.ActiveCfg = Release|Any CPU
		{9375F2EB-29E4-4B37-9802-699408C1BCAF}.Release|Any CPU.Build.0 = Release|Any CPU
		{0C315F1C-633A-43C4-BDC9-1EAD8FFE0F35}.Debug|Any CPU.ActiveCfg = Debug|Any CPU
		{0C315F1C-633A-43C4-BDC9-1EAD8FFE0F35}.Debug|Any CPU.Build.0 = Debug|Any CPU
		{0C315F1C-633A-43C4-BDC9-1EAD8FFE0F35}.Release|Any CPU.ActiveCfg = Release|Any CPU
		{0C315F1C-633A-43C4-BDC9-1EAD8FFE0F35}.Release|Any CPU.Build.0 = Release|Any CPU
		{643E5E28-11C7-49E2-BDDA-2C5A29FA6C27}.Debug|Any CPU.ActiveCfg = Debug|Any CPU
		{643E5E28-11C7-49E2-BDDA-2C5A29FA6C27}.Debug|Any CPU.Build.0 = Debug|Any CPU
		{643E5E28-11C7-49E2-BDDA-2C5A29FA6C27}.Release|Any CPU.ActiveCfg = Release|Any CPU
		{643E5E28-11C7-49E2-BDDA-2C5A29FA6C27}.Release|Any CPU.Build.0 = Release|Any CPU
		{AE7D986B-1377-4BDC-BB86-7672333F29AF}.Debug|Any CPU.ActiveCfg = Debug|Any CPU
		{AE7D986B-1377-4BDC-BB86-7672333F29AF}.Debug|Any CPU.Build.0 = Debug|Any CPU
		{AE7D986B-1377-4BDC-BB86-7672333F29AF}.Release|Any CPU.ActiveCfg = Release|Any CPU
		{AE7D986B-1377-4BDC-BB86-7672333F29AF}.Release|Any CPU.Build.0 = Release|Any CPU
		{725681B2-345A-48EC-91C0-7FB86D913867}.Debug|Any CPU.ActiveCfg = Debug|Any CPU
		{725681B2-345A-48EC-91C0-7FB86D913867}.Debug|Any CPU.Build.0 = Debug|Any CPU
		{725681B2-345A-48EC-91C0-7FB86D913867}.Release|Any CPU.ActiveCfg = Release|Any CPU
		{725681B2-345A-48EC-91C0-7FB86D913867}.Release|Any CPU.Build.0 = Release|Any CPU
		{66A0585E-33C7-4E33-83AD-D9BD696CB5D9}.Debug|Any CPU.ActiveCfg = Debug|Any CPU
		{66A0585E-33C7-4E33-83AD-D9BD696CB5D9}.Debug|Any CPU.Build.0 = Debug|Any CPU
		{66A0585E-33C7-4E33-83AD-D9BD696CB5D9}.Release|Any CPU.ActiveCfg = Release|Any CPU
		{66A0585E-33C7-4E33-83AD-D9BD696CB5D9}.Release|Any CPU.Build.0 = Release|Any CPU
		{92FC5364-814B-4511-B220-BD527AFD03B5}.Debug|Any CPU.ActiveCfg = Debug|Any CPU
		{92FC5364-814B-4511-B220-BD527AFD03B5}.Debug|Any CPU.Build.0 = Debug|Any CPU
		{92FC5364-814B-4511-B220-BD527AFD03B5}.Release|Any CPU.ActiveCfg = Release|Any CPU
		{92FC5364-814B-4511-B220-BD527AFD03B5}.Release|Any CPU.Build.0 = Release|Any CPU
		{45B44DE8-25A9-410D-B9C9-F6F349ADBE7C}.Debug|Any CPU.ActiveCfg = Debug|Any CPU
		{45B44DE8-25A9-410D-B9C9-F6F349ADBE7C}.Debug|Any CPU.Build.0 = Debug|Any CPU
		{45B44DE8-25A9-410D-B9C9-F6F349ADBE7C}.Release|Any CPU.ActiveCfg = Release|Any CPU
		{45B44DE8-25A9-410D-B9C9-F6F349ADBE7C}.Release|Any CPU.Build.0 = Release|Any CPU
	EndGlobalSection
	GlobalSection(SolutionProperties) = preSolution
		HideSolutionNode = FALSE
	EndGlobalSection
	GlobalSection(ExtensibilityGlobals) = postSolution
		SolutionGuid = {466E0AEB-839B-475A-B95D-DC072AB9BF9A}
	EndGlobalSection
EndGlobal
